
Microsoft Visual Studio Solution File, Format Version 12.00
# Visual Studio 15
VisualStudioVersion = 15.0.28307.757
MinimumVisualStudioVersion = 10.0.40219.1
Project("{8BC9CEB8-8B4A-11D0-8D11-00A0C91BC942}") = "TestUltraMesh", "TestUltraMesh\TestUltraMesh.vcxproj", "{E2A4987D-521D-4BE0-AA7C-2BA816138241}"
	ProjectSection(ProjectDependencies) = postProject
		{471F9B58-7150-45B8-8FBB-A6CB9C042D36} = {471F9B58-7150-45B8-8FBB-A6CB9C042D36}
	EndProjectSection
EndProject
Project("{8BC9CEB8-8B4A-11D0-8D11-00A0C91BC942}") = "UltraMesh", "UltraMesh\UltraMesh.vcxproj", "{471F9B58-7150-45B8-8FBB-A6CB9C042D36}"
EndProject
Project("{8BC9CEB8-8B4A-11D0-8D11-00A0C91BC942}") = "SliceUltraMesh", "SliceUltraMesh\SliceUltraMesh.vcxproj", "{6C2DECD3-2CA6-4517-A428-5902E19D0C16}"
EndProject
Global
	GlobalSection(SolutionConfigurationPlatforms) = preSolution
		Debug|x64 = Debug|x64
		Debug|x86 = Debug|x86
		Release|x64 = Release|x64
		Release|x86 = Release|x86
	EndGlobalSection
	GlobalSection(ProjectConfigurationPlatforms) = postSolution
		{E2A4987D-521D-4BE0-AA7C-2BA816138241}.Debug|x64.ActiveCfg = Debug|x64
		{E2A4987D-521D-4BE0-AA7C-2BA816138241}.Debug|x64.Build.0 = Debug|x64
		{E2A4987D-521D-4BE0-AA7C-2BA816138241}.Debug|x86.ActiveCfg = Debug|Win32
		{E2A4987D-521D-4BE0-AA7C-2BA816138241}.Debug|x86.Build.0 = Debug|Win32
		{E2A4987D-521D-4BE0-AA7C-2BA816138241}.Release|x64.ActiveCfg = Release|x64
		{E2A4987D-521D-4BE0-AA7C-2BA816138241}.Release|x64.Build.0 = Release|x64
		{E2A4987D-521D-4BE0-AA7C-2BA816138241}.Release|x86.ActiveCfg = Release|Win32
		{E2A4987D-521D-4BE0-AA7C-2BA816138241}.Release|x86.Build.0 = Release|Win32
		{471F9B58-7150-45B8-8FBB-A6CB9C042D36}.Debug|x64.ActiveCfg = Debug|x64
		{471F9B58-7150-45B8-8FBB-A6CB9C042D36}.Debug|x64.Build.0 = Debug|x64
		{471F9B58-7150-45B8-8FBB-A6CB9C042D36}.Debug|x86.ActiveCfg = Debug|Win32
		{471F9B58-7150-45B8-8FBB-A6CB9C042D36}.Debug|x86.Build.0 = Debug|Win32
		{471F9B58-7150-45B8-8FBB-A6CB9C042D36}.Release|x64.ActiveCfg = Release|x64
		{471F9B58-7150-45B8-8FBB-A6CB9C042D36}.Release|x64.Build.0 = Release|x64
		{471F9B58-7150-45B8-8FBB-A6CB9C042D36}.Release|x86.ActiveCfg = Release|Win32
		{471F9B58-7150-45B8-8FBB-A6CB9C042D36}.Release|x86.Build.0 = Release|Win32
		{6C2DECD3-2CA6-4517-A428-5902E19D0C16}.Debug|x64.ActiveCfg = Debug|x64
		{6C2DECD3-2CA6-4517-A428-5902E19D0C16}.Debug|x64.Build.0 = Debug|x64
		{6C2DECD3-2CA6-4517-A428-5902E19D0C16}.Debug|x86.ActiveCfg = Debug|Win32
		{6C2DECD3-2CA6-4517-A428-5902E19D0C16}.Debug|x86.Build.0 = Debug|Win32
		{6C2DECD3-2CA6-4517-A428-5902E19D0C16}.Release|x64.ActiveCfg = Release|x64
		{6C2DECD3-2CA6-4517-A428-5902E19D0C16}.Release|x64.Build.0 = Release|x64
		{6C2DECD3-2CA6-4517-A428-5902E19D0C16}.Release|x86.ActiveCfg = Release|Win32
		{6C2DECD3-2CA6-4517-A428-5902E19D0C16}.Release|x86.Build.0 = Release|Win32
	EndGlobalSection
	GlobalSection(SolutionProperties) = preSolution
		HideSolutionNode = FALSE
	EndGlobalSection
	GlobalSection(ExtensibilityGlobals) = postSolution
		SolutionGuid = {536320AE-F425-4F9F-BCFC-D1B917AA3D03}
	EndGlobalSection
EndGlobal
